
Microsoft Visual Studio Solution File, Format Version 12.00
# Visual Studio Version 17
VisualStudioVersion = 17.7.34031.279
MinimumVisualStudioVersion = 10.0.40219.1
Project("{9A19103F-16F7-4668-BE54-9A1E7A4F7556}") = "TaiXiu", "TaiXiu\TaiXiu.csproj", "{A894BCD2-4E0B-4D98-BF2C-06E75FBCD3E7}"
EndProject
Project("{9A19103F-16F7-4668-BE54-9A1E7A4F7556}") = "Server", "Server\Server.csproj", "{62AA96D8-AC76-445A-8F4F-1ADB629FA193}"
EndProject
Global
	GlobalSection(SolutionConfigurationPlatforms) = preSolution
		Debug|Any CPU = Debug|Any CPU
		Release|Any CPU = Release|Any CPU
	EndGlobalSection
	GlobalSection(ProjectConfigurationPlatforms) = postSolution
		{A894BCD2-4E0B-4D98-BF2C-06E75FBCD3E7}.Debug|Any CPU.ActiveCfg = Debug|Any CPU
		{A894BCD2-4E0B-4D98-BF2C-06E75FBCD3E7}.Debug|Any CPU.Build.0 = Debug|Any CPU
		{A894BCD2-4E0B-4D98-BF2C-06E75FBCD3E7}.Release|Any CPU.ActiveCfg = Release|Any CPU
		{A894BCD2-4E0B-4D98-BF2C-06E75FBCD3E7}.Release|Any CPU.Build.0 = Release|Any CPU
		{62AA96D8-AC76-445A-8F4F-1ADB629FA193}.Debug|Any CPU.ActiveCfg = Debug|Any CPU
		{62AA96D8-AC76-445A-8F4F-1ADB629FA193}.Debug|Any CPU.Build.0 = Debug|Any CPU
		{62AA96D8-AC76-445A-8F4F-1ADB629FA193}.Release|Any CPU.ActiveCfg = Release|Any CPU
		{62AA96D8-AC76-445A-8F4F-1ADB629FA193}.Release|Any CPU.Build.0 = Release|Any CPU
	EndGlobalSection
	GlobalSection(SolutionProperties) = preSolution
		HideSolutionNode = FALSE
	EndGlobalSection
	GlobalSection(ExtensibilityGlobals) = postSolution
		SolutionGuid = {39A5CFCF-A7B2-45EC-A20F-037C3AC0C537}
	EndGlobalSection
EndGlobal
